
Microsoft Visual Studio Solution File, Format Version 12.00
Project("{FAE04EC0-301F-11D3-BF4B-00C04F79EFBC}") = "MusicReco", "MusicReco\MusicReco.csproj", "{5E86F2F8-FE51-45A6-8D13-CADDBD8F5A33}"
EndProject
Global
	GlobalSection(SolutionConfigurationPlatforms) = preSolution
		Debug|Any CPU = Debug|Any CPU
		Release|Any CPU = Release|Any CPU
	EndGlobalSection
	GlobalSection(ProjectConfigurationPlatforms) = postSolution
		{5E86F2F8-FE51-45A6-8D13-CADDBD8F5A33}.Debug|Any CPU.ActiveCfg = Debug|Any CPU
		{5E86F2F8-FE51-45A6-8D13-CADDBD8F5A33}.Debug|Any CPU.Build.0 = Debug|Any CPU
		{5E86F2F8-FE51-45A6-8D13-CADDBD8F5A33}.Release|Any CPU.ActiveCfg = Release|Any CPU
		{5E86F2F8-FE51-45A6-8D13-CADDBD8F5A33}.Release|Any CPU.Build.0 = Release|Any CPU
	EndGlobalSection
EndGlobal
